
Microsoft Visual Studio Solution File, Format Version 12.00
# Visual Studio Version 17
VisualStudioVersion = 17.7.34024.191
MinimumVisualStudioVersion = 10.0.40219.1
Project("{FAE04EC0-301F-11D3-BF4B-00C04F79EFBC}") = "Restaurant Management App", "Restaurant Management App\Restaurant Management App.csproj", "{0C5BF416-11D8-4121-A143-248E84828B64}"
EndProject
Global
	GlobalSection(SolutionConfigurationPlatforms) = preSolution
		Debug|Any CPU = Debug|Any CPU
		Release|Any CPU = Release|Any CPU
	EndGlobalSection
	GlobalSection(ProjectConfigurationPlatforms) = postSolution
		{0C5BF416-11D8-4121-A143-248E84828B64}.Debug|Any CPU.ActiveCfg = Debug|Any CPU
		{0C5BF416-11D8-4121-A143-248E84828B64}.Debug|Any CPU.Build.0 = Debug|Any CPU
		{0C5BF416-11D8-4121-A143-248E84828B64}.Release|Any CPU.ActiveCfg = Release|Any CPU
		{0C5BF416-11D8-4121-A143-248E84828B64}.Release|Any CPU.Build.0 = Release|Any CPU
	EndGlobalSection
	GlobalSection(SolutionProperties) = preSolution
		HideSolutionNode = FALSE
	EndGlobalSection
	GlobalSection(ExtensibilityGlobals) = postSolution
		SolutionGuid = {33071C3E-D98C-4E2D-89B2-57F6DC833BA1}
	EndGlobalSection
EndGlobal
